{
	"name": "@types/connect-session-sequelize",
	"version": "1.0.0",
	"lockfileVersion": 1,
	"requires": true,
	"dependencies": {
		"@types/bluebird": {
			"version": "3.5.8",
			"resolved": "https://registry.npmjs.org/@types/bluebird/-/bluebird-3.5.8.tgz",
			"integrity": "sha512-rBfrD56OxaqVjghtVqp2EEX0ieHkRk6IefDVrQXIVGvlhDOEBTvZff4Q02uo84ukVkH4k5eB1cPKGDM2NlFL8A=="
		},
		"@types/express": {
			"version": "4.0.36",
			"resolved": "https://registry.npmjs.org/@types/express/-/express-4.0.36.tgz",
			"integrity": "sha512-bT9q2eqH/E72AGBQKT50dh6AXzheTqigGZ1GwDiwmx7vfHff0bZOrvUWjvGpNWPNkRmX1vDF6wonG6rlpBHb1A==",
			"requires": {
				"@types/express-serve-static-core": "4.0.49",
				"@types/serve-static": "1.7.31"
			}
		},
		"@types/express-serve-static-core": {
			"version": "4.0.49",
			"resolved": "https://registry.npmjs.org/@types/express-serve-static-core/-/express-serve-static-core-4.0.49.tgz",
			"integrity": "sha512-b7mVHoURu1xaP/V6xw1sYwyv9V0EZ7euyi+sdnbnTZxEkAh4/hzPsI6Eflq+ZzHQ/Tgl7l16Jz+0oz8F46MLnA==",
			"requires": {
				"@types/node": "8.0.10"
			}
		},
		"@types/express-session": {
			"version": "1.15.0",
			"resolved": "https://registry.npmjs.org/@types/express-session/-/express-session-1.15.0.tgz",
			"integrity": "sha1-m2giGS+qgAcxSNMqFySPjmweeeI=",
			"requires": {
				"@types/express": "4.0.36",
				"@types/node": "8.0.10"
			}
		},
		"@types/lodash": {
			"version": "4.14.68",
			"resolved": "https://registry.npmjs.org/@types/lodash/-/lodash-4.14.68.tgz",
			"integrity": "sha512-tndmbhJc7EeymtvgcZ0oX2H0P95VcT1FlAoeki3bl71DqL9zA/tbJcMZyR1kJkHDvr+57I7+gsn+BVPHIqgcbQ=="
		},
		"@types/mime": {
			"version": "1.3.1",
			"resolved": "https://registry.npmjs.org/@types/mime/-/mime-1.3.1.tgz",
			"integrity": "sha512-rek8twk9C58gHYqIrUlJsx8NQMhlxqHzln9Z9ODqiNgv3/s+ZwIrfr+djqzsnVM12xe9hL98iJ20lj2RvCBv6A=="
		},
		"@types/node": {
			"version": "8.0.10",
			"resolved": "https://registry.npmjs.org/@types/node/-/node-8.0.10.tgz",
			"integrity": "sha512-ATKQAMGah+e3qNBVdJoCIJk3+RWBkPYtmlluGewO1+t/JmkXEoLnt/WDgHynfGvJyQWTKMq+N1az1E/5YASYGg=="
		},
		"@types/sequelize": {
			"version": "4.0.65",
			"resolved": "https://registry.npmjs.org/@types/sequelize/-/sequelize-4.0.65.tgz",
			"integrity": "sha512-eyZ5jXtQayktWE+wqqZBeT4C+GhCy3VVTQLcfGHk5iER5DQASXv1Z6Qq/YjYc+CGRf5axPR4OgGoMsSJ8Kg0XA==",
			"requires": {
				"@types/bluebird": "3.5.8",
				"@types/lodash": "4.14.68",
				"@types/validator": "6.2.1"
			}
		},
		"@types/serve-static": {
			"version": "1.7.31",
			"resolved": "https://registry.npmjs.org/@types/serve-static/-/serve-static-1.7.31.tgz",
			"integrity": "sha1-FUVt6NmNa0z/Mb5savdJKuY/Uho=",
			"requires": {
				"@types/express-serve-static-core": "4.0.49",
				"@types/mime": "1.3.1"
			}
		},
		"@types/validator": {
			"version": "6.2.1",
			"resolved": "https://registry.npmjs.org/@types/validator/-/validator-6.2.1.tgz",
			"integrity": "sha512-YJpvrPjb3C0BBIH9TPt4VEJZYP6yEJIEltPVhhF106d20udxrLYc49YCbT/C4qHCS+TWDF34gNwA3ZFWumFmIw=="
		}
	}
}
